lockfileVersion: '9.0'

settings:
  autoInstallPeers: true
  excludeLinksFromLockfile: false

importers:

  .:
    dependencies:
      is-number:
        specifier: ^7.0.0
        version: 7.0.0
      lodash:
        specifier: 4.17.0
        version: 4.17.0

packages:

  is-number@7.0.0:
    resolution: {integrity: sha512-41Cifkg6e8TylSpdtTpeLVMqvSBEVzTttHvERD741+pnZ8ANv0004MRL43QKPDlK9cGvNp6NZWZUBlbGXYxxng==}
    engines: {node: '>=0.12.0'}

  lodash@4.17.0:
    resolution: {integrity: sha512-wXJoUnY8v5rCurNIL6tM0TOv/F6B2NzDzLzStNOQoX/i88s8hPGkYSRPMtcdjORIx1dHUB1lQVhsNyC9yjD/7w==}

snapshots:

  is-number@7.0.0: {}

  lodash@4.17.0: {}
