lockfileVersion: '9.0'

settings:
  autoInstallPeers: true
  excludeLinksFromLockfile: false

importers:

  .:
    dependencies:
      axios:
        specifier: 0.18.0
        version: 0.18.0
      is-number:
        specifier: ^7.0.0
        version: 7.0.0
      lodash:
        specifier: 4.18.1
        version: 4.18.1
      minimist:
        specifier: 0.0.8
        version: 0.0.8

packages:

  axios@0.18.0:
    resolution: {integrity: sha512-14hgP2oTu6SPu+26Ofye6Se8u5Mmjc07a0ACHTJ5POKFU1Mtxz2IxSvaWy1O+QnbSa8XHy1gYz2E1l+G26XJdA==}
    deprecated: Critical security vulnerability fixed in v0.21.1. For more information, see https://github.com/axios/axios/pull/3410

  follow-redirects@1.16.0:
    resolution: {integrity: sha512-y5rN/uOsadFT/JfYwhxRS5R7Qce+g3zG97+JrtFZlC9klX/W5hD7iiLzScI4nZqUS7DNUdhPgw4xI8W2LuXlUw==}
    engines: {node: '>=4.0'}
    peerDependencies:
      debug: '*'
    peerDependenciesMeta:
      debug:
        optional: true

  is-buffer@1.1.6:
    resolution: {integrity: sha512-NcdALwpXkTm5Zvvbk7owOUSvVvBKDgKP5/ewfXEznmQFfs4ZRmanOeKBTjRVjka3QFoN6XJ+9F3USqfHqTaU5w==}

  is-number@7.0.0:
    resolution: {integrity: sha512-41Cifkg6e8TylSpdtTpeLVMqvSBEVzTttHvERD741+pnZ8ANv0004MRL43QKPDlK9cGvNp6NZWZUBlbGXYxxng==}
    engines: {node: '>=0.12.0'}

  lodash@4.18.1:
    resolution: {integrity: sha512-dMInicTPVE8d1e5otfwmmjlxkZoUpiVLwyeTdUsi/Caj/gfzzblBcCE5sRHV/AsjuCmxWrte2TNGSYuCeCq+0Q==}

  minimist@0.0.8:
    resolution: {integrity: sha512-miQKw5Hv4NS1Psg2517mV4e4dYNaO3++hjAvLOAzKqZ61rH8NS1SK+vbfBWZ5PY/Me/bEWhUwqMghEW5Fb9T7Q==}

snapshots:

  axios@0.18.0:
    dependencies:
      follow-redirects: 1.16.0
      is-buffer: 1.1.6
    transitivePeerDependencies:
      - debug

  follow-redirects@1.16.0: {}

  is-buffer@1.1.6: {}

  is-number@7.0.0: {}

  lodash@4.18.1: {}

  minimist@0.0.8: {}
